
Microsoft Visual Studio Solution File, Format Version 12.00
# Visual Studio Version 16
VisualStudioVersion = 16.0.30611.23
MinimumVisualStudioVersion = 10.0.40219.1
Project("{8BC9CEB8-8B4A-11D0-8D11-00A0C91BC942}") = "DynamicPolygon", "projects\DynamicPolygon\DynamicPolygon.vcxproj", "{F31EAF3D-7226-455E-A696-F1090057E8A4}"
EndProject
Project("{8BC9CEB8-8B4A-11D0-8D11-00A0C91BC942}") = "StaticPolygon", "projects\StaticPolygon\StaticPolygon.vcxproj", "{F07942EA-EC9B-447B-BE91-A5CE50A1B40F}"
EndProject
Project("{8BC9CEB8-8B4A-11D0-8D11-00A0C91BC942}") = "CLI", "projects\CLI\CLI.vcxproj", "{37D2FDAE-1F47-492F-989E-45F6EF2DAD19}"
EndProject
Project("{8BC9CEB8-8B4A-11D0-8D11-00A0C91BC942}") = "StaticPolygonTest", "projects\StaticPolygonTest\StaticPolygonTest.vcxproj", "{8727DE2A-3A40-402D-A861-494B08EDE2E4}"
EndProject
Global
	GlobalSection(SolutionConfigurationPlatforms) = preSolution
		Debug|x64 = Debug|x64
		Debug|x86 = Debug|x86
		Release|x64 = Release|x64
		Release|x86 = Release|x86
	EndGlobalSection
	GlobalSection(ProjectConfigurationPlatforms) = postSolution
		{F31EAF3D-7226-455E-A696-F1090057E8A4}.Debug|x64.ActiveCfg = Debug|x64
		{F31EAF3D-7226-455E-A696-F1090057E8A4}.Debug|x64.Build.0 = Debug|x64
		{F31EAF3D-7226-455E-A696-F1090057E8A4}.Debug|x86.ActiveCfg = Debug|Win32
		{F31EAF3D-7226-455E-A696-F1090057E8A4}.Debug|x86.Build.0 = Debug|Win32
		{F31EAF3D-7226-455E-A696-F1090057E8A4}.Release|x64.ActiveCfg = Release|x64
		{F31EAF3D-7226-455E-A696-F1090057E8A4}.Release|x64.Build.0 = Release|x64
		{F31EAF3D-7226-455E-A696-F1090057E8A4}.Release|x86.ActiveCfg = Release|Win32
		{F31EAF3D-7226-455E-A696-F1090057E8A4}.Release|x86.Build.0 = Release|Win32
		{F07942EA-EC9B-447B-BE91-A5CE50A1B40F}.Debug|x64.ActiveCfg = Debug|x64
		{F07942EA-EC9B-447B-BE91-A5CE50A1B40F}.Debug|x64.Build.0 = Debug|x64
		{F07942EA-EC9B-447B-BE91-A5CE50A1B40F}.Debug|x86.ActiveCfg = Debug|Win32
		{F07942EA-EC9B-447B-BE91-A5CE50A1B40F}.Debug|x86.Build.0 = Debug|Win32
		{F07942EA-EC9B-447B-BE91-A5CE50A1B40F}.Release|x64.ActiveCfg = Release|x64
		{F07942EA-EC9B-447B-BE91-A5CE50A1B40F}.Release|x64.Build.0 = Release|x64
		{F07942EA-EC9B-447B-BE91-A5CE50A1B40F}.Release|x86.ActiveCfg = Release|Win32
		{F07942EA-EC9B-447B-BE91-A5CE50A1B40F}.Release|x86.Build.0 = Release|Win32
		{37D2FDAE-1F47-492F-989E-45F6EF2DAD19}.Debug|x64.ActiveCfg = Debug|x64
		{37D2FDAE-1F47-492F-989E-45F6EF2DAD19}.Debug|x64.Build.0 = Debug|x64
		{37D2FDAE-1F47-492F-989E-45F6EF2DAD19}.Debug|x86.ActiveCfg = Debug|Win32
		{37D2FDAE-1F47-492F-989E-45F6EF2DAD19}.Debug|x86.Build.0 = Debug|Win32
		{37D2FDAE-1F47-492F-989E-45F6EF2DAD19}.Release|x64.ActiveCfg = Release|x64
		{37D2FDAE-1F47-492F-989E-45F6EF2DAD19}.Release|x64.Build.0 = Release|x64
		{37D2FDAE-1F47-492F-989E-45F6EF2DAD19}.Release|x86.ActiveCfg = Release|Win32
		{37D2FDAE-1F47-492F-989E-45F6EF2DAD19}.Release|x86.Build.0 = Release|Win32
		{8727DE2A-3A40-402D-A861-494B08EDE2E4}.Debug|x64.ActiveCfg = Debug|x64
		{8727DE2A-3A40-402D-A861-494B08EDE2E4}.Debug|x64.Build.0 = Debug|x64
		{8727DE2A-3A40-402D-A861-494B08EDE2E4}.Debug|x86.ActiveCfg = Debug|Win32
		{8727DE2A-3A40-402D-A861-494B08EDE2E4}.Debug|x86.Build.0 = Debug|Win32
		{8727DE2A-3A40-402D-A861-494B08EDE2E4}.Release|x64.ActiveCfg = Release|x64
		{8727DE2A-3A40-402D-A861-494B08EDE2E4}.Release|x64.Build.0 = Release|x64
		{8727DE2A-3A40-402D-A861-494B08EDE2E4}.Release|x86.ActiveCfg = Release|Win32
		{8727DE2A-3A40-402D-A861-494B08EDE2E4}.Release|x86.Build.0 = Release|Win32
	EndGlobalSection
	GlobalSection(SolutionProperties) = preSolution
		HideSolutionNode = FALSE
	EndGlobalSection
	GlobalSection(ExtensibilityGlobals) = postSolution
		SolutionGuid = {44368720-A54A-41AB-A0AD-D442244430A5}
	EndGlobalSection
EndGlobal
